
Microsoft Visual Studio Solution File, Format Version 12.00
# Visual Studio Version 17
VisualStudioVersion = 17.1.32414.318
MinimumVisualStudioVersion = 10.0.40219.1
Project("{9A19103F-16F7-4668-BE54-9A1E7A4F7556}") = "iHaveControl", "iHaveControl.csproj", "{CCDE1B39-9366-4E9F-9419-AA2E456980EF}"
EndProject
Global
	GlobalSection(SolutionConfigurationPlatforms) = preSolution
		Debug|x64 = Debug|x64
		Release|x64 = Release|x64
	EndGlobalSection
	GlobalSection(ProjectConfigurationPlatforms) = postSolution
		{CCDE1B39-9366-4E9F-9419-AA2E456980EF}.Debug|x64.ActiveCfg = Debug|x64
		{CCDE1B39-9366-4E9F-9419-AA2E456980EF}.Debug|x64.Build.0 = Debug|x64
		{CCDE1B39-9366-4E9F-9419-AA2E456980EF}.Release|x64.ActiveCfg = Release|x64
		{CCDE1B39-9366-4E9F-9419-AA2E456980EF}.Release|x64.Build.0 = Release|x64
	EndGlobalSection
	GlobalSection(SolutionProperties) = preSolution
		HideSolutionNode = FALSE
	EndGlobalSection
	GlobalSection(ExtensibilityGlobals) = postSolution
		SolutionGuid = {35097FFC-BCCD-4BD1-A67D-2F8AA526D77E}
	EndGlobalSection
EndGlobal
